
Microsoft Visual Studio Solution File, Format Version 12.00
# Visual Studio Version 17
VisualStudioVersion = 17.6.33829.357
MinimumVisualStudioVersion = 10.0.40219.1
Project("{FAE04EC0-301F-11D3-BF4B-00C04F79EFBC}") = "SmartPro_8", "SmartPro_8\SmartPro_8.csproj", "{0A38B3C5-015E-4F5E-BF9B-786824AA1649}"
EndProject
Global
	GlobalSection(SolutionConfigurationPlatforms) = preSolution
		Debug|Any CPU = Debug|Any CPU
		Release|Any CPU = Release|Any CPU
	EndGlobalSection
	GlobalSection(ProjectConfigurationPlatforms) = postSolution
		{0A38B3C5-015E-4F5E-BF9B-786824AA1649}.Debug|Any CPU.ActiveCfg = Debug|Any CPU
		{0A38B3C5-015E-4F5E-BF9B-786824AA1649}.Debug|Any CPU.Build.0 = Debug|Any CPU
		{0A38B3C5-015E-4F5E-BF9B-786824AA1649}.Release|Any CPU.ActiveCfg = Release|Any CPU
		{0A38B3C5-015E-4F5E-BF9B-786824AA1649}.Release|Any CPU.Build.0 = Release|Any CPU
	EndGlobalSection
	GlobalSection(SolutionProperties) = preSolution
		HideSolutionNode = FALSE
	EndGlobalSection
	GlobalSection(ExtensibilityGlobals) = postSolution
		SolutionGuid = {E3D858DC-F5FA-433D-A306-28FF22FC6622}
	EndGlobalSection
EndGlobal
